
Microsoft Visual Studio Solution File, Format Version 12.00
# Visual Studio Version 17
VisualStudioVersion = 17.0.32112.339
MinimumVisualStudioVersion = 10.0.40219.1
Project("{FAE04EC0-301F-11D3-BF4B-00C04F79EFBC}") = "ecommerce-API", "ecommerce-API.csproj", "{39A42E26-9BBA-4C44-86D8-37441267FC1A}"
EndProject
Global
	GlobalSection(SolutionConfigurationPlatforms) = preSolution
		Debug|Any CPU = Debug|Any CPU
		Release|Any CPU = Release|Any CPU
	EndGlobalSection
	GlobalSection(ProjectConfigurationPlatforms) = postSolution
		{39A42E26-9BBA-4C44-86D8-37441267FC1A}.Debug|Any CPU.ActiveCfg = Debug|Any CPU
		{39A42E26-9BBA-4C44-86D8-37441267FC1A}.Debug|Any CPU.Build.0 = Debug|Any CPU
		{39A42E26-9BBA-4C44-86D8-37441267FC1A}.Release|Any CPU.ActiveCfg = Release|Any CPU
		{39A42E26-9BBA-4C44-86D8-37441267FC1A}.Release|Any CPU.Build.0 = Release|Any CPU
	EndGlobalSection
	GlobalSection(SolutionProperties) = preSolution
		HideSolutionNode = FALSE
	EndGlobalSection
	GlobalSection(ExtensibilityGlobals) = postSolution
		SolutionGuid = {BAC6D229-D732-43EC-8483-23CF66FDAB51}
	EndGlobalSection
EndGlobal
